
Microsoft Visual Studio Solution File, Format Version 12.00
# Visual Studio Version 17
VisualStudioVersion = 17.6.33815.320
MinimumVisualStudioVersion = 10.0.40219.1
Project("{FAE04EC0-301F-11D3-BF4B-00C04F79EFBC}") = "ViewData-mvc", "ViewData-mvc\ViewData-mvc.csproj", "{0BB8A02F-A9F8-4F16-947B-E16A18AF2668}"
EndProject
Global
	GlobalSection(SolutionConfigurationPlatforms) = preSolution
		Debug|Any CPU = Debug|Any CPU
		Release|Any CPU = Release|Any CPU
	EndGlobalSection
	GlobalSection(ProjectConfigurationPlatforms) = postSolution
		{0BB8A02F-A9F8-4F16-947B-E16A18AF2668}.Debug|Any CPU.ActiveCfg = Debug|Any CPU
		{0BB8A02F-A9F8-4F16-947B-E16A18AF2668}.Debug|Any CPU.Build.0 = Debug|Any CPU
		{0BB8A02F-A9F8-4F16-947B-E16A18AF2668}.Release|Any CPU.ActiveCfg = Release|Any CPU
		{0BB8A02F-A9F8-4F16-947B-E16A18AF2668}.Release|Any CPU.Build.0 = Release|Any CPU
	EndGlobalSection
	GlobalSection(SolutionProperties) = preSolution
		HideSolutionNode = FALSE
	EndGlobalSection
	GlobalSection(ExtensibilityGlobals) = postSolution
		SolutionGuid = {284E4AC3-5F08-429E-9409-EC6E0A0583A9}
	EndGlobalSection
EndGlobal
